<?xml version="1.0" encoding="UTF-8" standalone="yes" ?>
<CodeBlocks_project_file>
	<FileVersion major="1" minor="6" />
	<Project>
		<Option title="libft" />
		<Option pch_mode="2" />
		<Option compiler="gcc" />
		<Build>
			<Target title="Release">
				<Option output="bin/Release/libft" prefix_auto="1" extension_auto="1" />
				<Option object_output="obj/Release/" />
				<Option type="1" />
				<Option compiler="gcc" />
				<Option parameters="strncmp" />
				<Compiler>
					<Add option="-O2" />
				</Compiler>
				<Linker>
					<Add option="-s" />
				</Linker>
			</Target>
			<Target title="libft">
				<Option output="bin/libft/ft" prefix_auto="1" extension_auto="1" />
				<Option working_dir="" />
				<Option object_output="obj/libft/" />
				<Option type="2" />
				<Option compiler="gcc" />
				<Option createDefFile="1" />
				<Compiler>
					<Add option="-O2" />
				</Compiler>
				<Linker>
					<Add option="-s" />
				</Linker>
			</Target>
		</Build>
		<Compiler>
			<Add option="-Wall" />
		</Compiler>
		<Unit filename="ft_bzero.c">
			<Option compilerVar="CC" />
		</Unit>
		<Unit filename="ft_memccpy.c">
			<Option compilerVar="CC" />
		</Unit>
		<Unit filename="ft_memchr.c">
			<Option compilerVar="CC" />
		</Unit>
		<Unit filename="ft_memcmp.c">
			<Option compilerVar="CC" />
		</Unit>
		<Unit filename="ft_memcpy.c">
			<Option compilerVar="CC" />
		</Unit>
		<Unit filename="ft_memmove.c">
			<Option compilerVar="CC" />
		</Unit>
		<Unit filename="ft_memset.c">
			<Option compilerVar="CC" />
		</Unit>
		<Unit filename="ft_strcat.c">
			<Option compilerVar="CC" />
		</Unit>
		<Unit filename="ft_strchr.c">
			<Option compilerVar="CC" />
		</Unit>
		<Unit filename="ft_strcmp.c">
			<Option compilerVar="CC" />
		</Unit>
		<Unit filename="ft_strcpy.c">
			<Option compilerVar="CC" />
		</Unit>
		<Unit filename="ft_strdup.c">
			<Option compilerVar="CC" />
		</Unit>
		<Unit filename="ft_strlcat.c">
			<Option compilerVar="CC" />
		</Unit>
		<Unit filename="ft_strlen.c">
			<Option compilerVar="CC" />
		</Unit>
		<Unit filename="ft_strncat.c">
			<Option compilerVar="CC" />
		</Unit>
		<Unit filename="ft_strncmp.c">
			<Option compilerVar="CC" />
		</Unit>
		<Unit filename="ft_strncpy.c">
			<Option compilerVar="CC" />
		</Unit>
		<Unit filename="ft_strnstr.c">
			<Option compilerVar="CC" />
		</Unit>
		<Unit filename="ft_strrchr.c">
			<Option compilerVar="CC" />
		</Unit>
		<Unit filename="ft_strstr.c">
			<Option compilerVar="CC" />
		</Unit>
		<Unit filename="libft.h" />
		<Unit filename="tester.c">
			<Option compilerVar="CC" />
			<Option target="Release" />
		</Unit>
		<Extensions>
			<lib_finder disable_auto="1" />
		</Extensions>
	</Project>
</CodeBlocks_project_file>
